
Microsoft Visual Studio Solution File, Format Version 12.00
# Visual Studio Version 17
VisualStudioVersion = 17.7.34031.279
MinimumVisualStudioVersion = 10.0.40219.1
Project("{FAE04EC0-301F-11D3-BF4B-00C04F79EFBC}") = "MyRoyalShop", "MyRoyalShop\MyRoyalShop.csproj", "{20448578-54A2-4C10-9BC9-1C63E7ECB37F}"
EndProject
Project("{FAE04EC0-301F-11D3-BF4B-00C04F79EFBC}") = "MyRoyalShop.DataLayer", "MyRoyalShop.DataLayer\MyRoyalShop.DataLayer.csproj", "{5798034C-38BD-46A5-9BF9-9E9F52CEB094}"
EndProject
Project("{FAE04EC0-301F-11D3-BF4B-00C04F79EFBC}") = "MyRoyalShop.Core", "MyRoyalShop.Core\MyRoyalShop.Core.csproj", "{43C35009-3EF9-482C-8E86-27A6643071BC}"
EndProject
Project("{FAE04EC0-301F-11D3-BF4B-00C04F79EFBC}") = "MyRoyalShop.IoC", "MyRoyalShop.IoC\MyRoyalShop.IoC.csproj", "{59CDAD93-55C6-433A-8C37-1413D54A8AAA}"
EndProject
Global
	GlobalSection(SolutionConfigurationPlatforms) = preSolution
		Debug|Any CPU = Debug|Any CPU
		Release|Any CPU = Release|Any CPU
	EndGlobalSection
	GlobalSection(ProjectConfigurationPlatforms) = postSolution
		{20448578-54A2-4C10-9BC9-1C63E7ECB37F}.Debug|Any CPU.ActiveCfg = Debug|Any CPU
		{20448578-54A2-4C10-9BC9-1C63E7ECB37F}.Debug|Any CPU.Build.0 = Debug|Any CPU
		{20448578-54A2-4C10-9BC9-1C63E7ECB37F}.Release|Any CPU.ActiveCfg = Release|Any CPU
		{20448578-54A2-4C10-9BC9-1C63E7ECB37F}.Release|Any CPU.Build.0 = Release|Any CPU
		{5798034C-38BD-46A5-9BF9-9E9F52CEB094}.Debug|Any CPU.ActiveCfg = Debug|Any CPU
		{5798034C-38BD-46A5-9BF9-9E9F52CEB094}.Debug|Any CPU.Build.0 = Debug|Any CPU
		{5798034C-38BD-46A5-9BF9-9E9F52CEB094}.Release|Any CPU.ActiveCfg = Release|Any CPU
		{5798034C-38BD-46A5-9BF9-9E9F52CEB094}.Release|Any CPU.Build.0 = Release|Any CPU
		{43C35009-3EF9-482C-8E86-27A6643071BC}.Debug|Any CPU.ActiveCfg = Debug|Any CPU
		{43C35009-3EF9-482C-8E86-27A6643071BC}.Debug|Any CPU.Build.0 = Debug|Any CPU
		{43C35009-3EF9-482C-8E86-27A6643071BC}.Release|Any CPU.ActiveCfg = Release|Any CPU
		{43C35009-3EF9-482C-8E86-27A6643071BC}.Release|Any CPU.Build.0 = Release|Any CPU
		{59CDAD93-55C6-433A-8C37-1413D54A8AAA}.Debug|Any CPU.ActiveCfg = Debug|Any CPU
		{59CDAD93-55C6-433A-8C37-1413D54A8AAA}.Debug|Any CPU.Build.0 = Debug|Any CPU
		{59CDAD93-55C6-433A-8C37-1413D54A8AAA}.Release|Any CPU.ActiveCfg = Release|Any CPU
		{59CDAD93-55C6-433A-8C37-1413D54A8AAA}.Release|Any CPU.Build.0 = Release|Any CPU
	EndGlobalSection
	GlobalSection(SolutionProperties) = preSolution
		HideSolutionNode = FALSE
	EndGlobalSection
	GlobalSection(ExtensibilityGlobals) = postSolution
		SolutionGuid = {01D793DC-6D33-48B0-8269-62322AFE90BF}
	EndGlobalSection
EndGlobal
